
Microsoft Visual Studio Solution File, Format Version 12.00
# Visual Studio 15
VisualStudioVersion = 15.0.28307.102
MinimumVisualStudioVersion = 10.0.40219.1
Project("{FAE04EC0-301F-11D3-BF4B-00C04F79EFBC}") = "DDOUIManager", "DDOUIManager\DDOUIManager.csproj", "{BE9F9F76-6B73-4719-AAA5-B362C18EF99E}"
EndProject
Global
	GlobalSection(SolutionConfigurationPlatforms) = preSolution
		Debug|Any CPU = Debug|Any CPU
		Release|Any CPU = Release|Any CPU
	EndGlobalSection
	GlobalSection(ProjectConfigurationPlatforms) = postSolution
		{BE9F9F76-6B73-4719-AAA5-B362C18EF99E}.Debug|Any CPU.ActiveCfg = Debug|Any CPU
		{BE9F9F76-6B73-4719-AAA5-B362C18EF99E}.Debug|Any CPU.Build.0 = Debug|Any CPU
		{BE9F9F76-6B73-4719-AAA5-B362C18EF99E}.Release|Any CPU.ActiveCfg = Release|Any CPU
		{BE9F9F76-6B73-4719-AAA5-B362C18EF99E}.Release|Any CPU.Build.0 = Release|Any CPU
	EndGlobalSection
	GlobalSection(SolutionProperties) = preSolution
		HideSolutionNode = FALSE
	EndGlobalSection
	GlobalSection(ExtensibilityGlobals) = postSolution
		SolutionGuid = {4F063CAA-248B-4B72-959F-5120F7AA6B4D}
	EndGlobalSection
EndGlobal
